
Microsoft Visual Studio Solution File, Format Version 12.00
# Visual Studio 15
VisualStudioVersion = 15.0.28010.2016
MinimumVisualStudioVersion = 10.0.40219.1
Project("{FAE04EC0-301F-11D3-BF4B-00C04F79EFBC}") = "MethodCallEveryXMinutes", "MethodCallEveryXMinutes\MethodCallEveryXMinutes.csproj", "{3EDA6E0E-C3D1-4A21-936B-E8DEEE54DF65}"
EndProject
Global
	GlobalSection(SolutionConfigurationPlatforms) = preSolution
		Debug|Any CPU = Debug|Any CPU
		Release|Any CPU = Release|Any CPU
	EndGlobalSection
	GlobalSection(ProjectConfigurationPlatforms) = postSolution
		{3EDA6E0E-C3D1-4A21-936B-E8DEEE54DF65}.Debug|Any CPU.ActiveCfg = Debug|Any CPU
		{3EDA6E0E-C3D1-4A21-936B-E8DEEE54DF65}.Debug|Any CPU.Build.0 = Debug|Any CPU
		{3EDA6E0E-C3D1-4A21-936B-E8DEEE54DF65}.Release|Any CPU.ActiveCfg = Release|Any CPU
		{3EDA6E0E-C3D1-4A21-936B-E8DEEE54DF65}.Release|Any CPU.Build.0 = Release|Any CPU
	EndGlobalSection
	GlobalSection(SolutionProperties) = preSolution
		HideSolutionNode = FALSE
	EndGlobalSection
	GlobalSection(ExtensibilityGlobals) = postSolution
		SolutionGuid = {548E64C7-4F9E-4693-919D-C697B9B6BF04}
	EndGlobalSection
EndGlobal
