
Microsoft Visual Studio Solution File, Format Version 12.00
# Visual Studio 15
VisualStudioVersion = 15.0.27703.2026
MinimumVisualStudioVersion = 10.0.40219.1
Project("{FAE04EC0-301F-11D3-BF4B-00C04F79EFBC}") = "ClientSocketProgramGUI", "ClientSocketProgramGUI\ClientSocketProgramGUI.csproj", "{4930CE34-D38D-49E4-9DEC-BAD195BE2402}"
EndProject
Global
	GlobalSection(SolutionConfigurationPlatforms) = preSolution
		Debug|Any CPU = Debug|Any CPU
		Release|Any CPU = Release|Any CPU
	EndGlobalSection
	GlobalSection(ProjectConfigurationPlatforms) = postSolution
		{4930CE34-D38D-49E4-9DEC-BAD195BE2402}.Debug|Any CPU.ActiveCfg = Debug|Any CPU
		{4930CE34-D38D-49E4-9DEC-BAD195BE2402}.Debug|Any CPU.Build.0 = Debug|Any CPU
		{4930CE34-D38D-49E4-9DEC-BAD195BE2402}.Release|Any CPU.ActiveCfg = Release|Any CPU
		{4930CE34-D38D-49E4-9DEC-BAD195BE2402}.Release|Any CPU.Build.0 = Release|Any CPU
	EndGlobalSection
	GlobalSection(SolutionProperties) = preSolution
		HideSolutionNode = FALSE
	EndGlobalSection
	GlobalSection(ExtensibilityGlobals) = postSolution
		SolutionGuid = {97E44AD2-37E9-4336-B7C5-7A54F18277B5}
	EndGlobalSection
EndGlobal
